{
    "version": 3,
    "terraform_version": "0.11.7",
    "serial": 56,
    "lineage": "d2eeb34a-c044-3778-3eec-5ea2e2f818a1",
    "modules": [
        {
            "path": [
                "root"
            ],
            "outputs": {},
            "resources": {
                "aws_instance.jenkins": {
                    "type": "aws_instance",
                    "depends_on": [
                        "aws_key_pair.auth",
                        "aws_security_group.jenkins",
                        "aws_subnet.main"
                    ],
                    "primary": {
                        "id": "i-0cfcd001cc162750c",
                        "attributes": {
                            "ami": "ami-04bfee437f38a691e",
                            "arn": "arn:aws:ec2:us-east-1:264175366959:instance/i-0cfcd001cc162750c",
                            "associate_public_ip_address": "true",
                            "availability_zone": "us-east-1a",
                            "cpu_core_count": "2",
                            "cpu_threads_per_core": "1",
                            "credit_specification.#": "1",
                            "credit_specification.0.cpu_credits": "standard",
                            "disable_api_termination": "false",
                            "ebs_block_device.#": "0",
                            "ebs_optimized": "false",
                            "ephemeral_block_device.#": "0",
                            "get_password_data": "false",
                            "iam_instance_profile": "",
                            "id": "i-0cfcd001cc162750c",
                            "instance_state": "running",
                            "instance_type": "t2.medium",
                            "ipv6_addresses.#": "0",
                            "key_name": "tf_key",
                            "monitoring": "false",
                            "network_interface.#": "0",
                            "password_data": "",
                            "placement_group": "",
                            "primary_network_interface_id": "eni-0e3c32dfdbf5b0ddf",
                            "private_dns": "ip-10-0-1-158.ec2.internal",
                            "private_ip": "10.0.1.158",
                            "public_dns": "ec2-54-82-95-95.compute-1.amazonaws.com",
                            "public_ip": "54.82.95.95",
                            "root_block_device.#": "1",
                            "root_block_device.0.delete_on_termination": "true",
                            "root_block_device.0.iops": "100",
                            "root_block_device.0.volume_id": "vol-0f09a47b0d3ec0e92",
                            "root_block_device.0.volume_size": "8",
                            "root_block_device.0.volume_type": "gp2",
                            "security_groups.#": "0",
                            "source_dest_check": "true",
                            "subnet_id": "subnet-012b27341acf2cd40",
                            "tags.%": "2",
                            "tags.Name": "cicd",
                            "tags.role": "jenkins",
                            "tenancy": "default",
                            "volume_tags.%": "0",
                            "vpc_security_group_ids.#": "1",
                            "vpc_security_group_ids.956529331": "sg-04666fdcdb1bb78d3"
                        },
                        "meta": {
                            "e2bfb730-ecaa-11e6-8f88-34363bc7c4c0": {
                                "create": 600000000000,
                                "delete": 1200000000000,
                                "update": 600000000000
                            },
                            "schema_version": "1"
                        },
                        "tainted": false
                    },
                    "deposed": [],
                    "provider": "provider.aws"
                },
                "aws_internet_gateway.default": {
                    "type": "aws_internet_gateway",
                    "depends_on": [
                        "aws_vpc.main"
                    ],
                    "primary": {
                        "id": "igw-0c9b22b6bea8a92bb",
                        "attributes": {
                            "id": "igw-0c9b22b6bea8a92bb",
                            "owner_id": "264175366959",
                            "tags.%": "0",
                            "vpc_id": "vpc-0143ea09ea89bb45f"
                        },
                        "meta": {},
                        "tainted": false
                    },
                    "deposed": [],
                    "provider": "provider.aws"
                },
                "aws_key_pair.auth": {
                    "type": "aws_key_pair",
                    "depends_on": [],
                    "primary": {
                        "id": "tf_key",
                        "attributes": {
                            "fingerprint": "f1:56:f1:ef:e4:cd:be:22:3b:31:3e:53:51:f2:dc:4a",
                            "id": "tf_key",
                            "key_name": "tf_key",
                            "public_key": "ssh-rsa AAAAB3NzaC1yc2EAAAADAQABAAABAQDaGKAnD/Bty9dbsB8EdNWKOL1suivlMQghwvJbe/7942ZECegyIXJ/rR8oZEzbNwnF822ZyoFOM7dRFQdpxCePsNnMFUA4DqvzWyMfRDnR+TDq2FaXFGr0UjonhASgCvxRHs9SC65J/mRUf+t++3psUUavnuxpCMohaoJzb0e8xooiO//W0SKpTV16OszDFFTSkU+p2XO1hrr6N03eefFzGcwTJetmCLO3JWQSxNdnNvAkeVy8JZ84e0dY/TrdgqFvK7kqxuWwVy6gOGYVDJCkp+qv03+fxmA5uCblC/X2ATXqEhSFWEmrTN8bobe2rollEct7ijqJ+IuucYP9Kvzp szverau@S-ZVERAU"
                        },
                        "meta": {
                            "schema_version": "1"
                        },
                        "tainted": false
                    },
                    "deposed": [],
                    "provider": "provider.aws"
                },
                "aws_route.internet_access": {
                    "type": "aws_route",
                    "depends_on": [
                        "aws_internet_gateway.default",
                        "aws_vpc.main"
                    ],
                    "primary": {
                        "id": "r-rtb-02d07bdfcee0f20271080289494",
                        "attributes": {
                            "destination_cidr_block": "0.0.0.0/0",
                            "destination_prefix_list_id": "",
                            "egress_only_gateway_id": "",
                            "gateway_id": "igw-0c9b22b6bea8a92bb",
                            "id": "r-rtb-02d07bdfcee0f20271080289494",
                            "instance_id": "",
                            "instance_owner_id": "",
                            "nat_gateway_id": "",
                            "network_interface_id": "",
                            "origin": "CreateRoute",
                            "route_table_id": "rtb-02d07bdfcee0f2027",
                            "state": "active",
                            "transit_gateway_id": "",
                            "vpc_peering_connection_id": ""
                        },
                        "meta": {
                            "e2bfb730-ecaa-11e6-8f88-34363bc7c4c0": {
                                "create": 120000000000,
                                "delete": 300000000000
                            }
                        },
                        "tainted": false
                    },
                    "deposed": [],
                    "provider": "provider.aws"
                },
                "aws_security_group.jenkins": {
                    "type": "aws_security_group",
                    "depends_on": [
                        "aws_vpc.main"
                    ],
                    "primary": {
                        "id": "sg-04666fdcdb1bb78d3",
                        "attributes": {
                            "arn": "arn:aws:ec2:us-east-1:264175366959:security-group/sg-04666fdcdb1bb78d3",
                            "description": "Allow inbound traffic for jenkins",
                            "egress.#": "1",
                            "egress.482069346.cidr_blocks.#": "1",
                            "egress.482069346.cidr_blocks.0": "0.0.0.0/0",
                            "egress.482069346.description": "",
                            "egress.482069346.from_port": "0",
                            "egress.482069346.ipv6_cidr_blocks.#": "0",
                            "egress.482069346.prefix_list_ids.#": "0",
                            "egress.482069346.protocol": "-1",
                            "egress.482069346.security_groups.#": "0",
                            "egress.482069346.self": "false",
                            "egress.482069346.to_port": "0",
                            "id": "sg-04666fdcdb1bb78d3",
                            "ingress.#": "4",
                            "ingress.1271545648.cidr_blocks.#": "5",
                            "ingress.1271545648.cidr_blocks.0": "93.125.8.133/32",
                            "ingress.1271545648.cidr_blocks.1": "10.0.0.0/16",
                            "ingress.1271545648.cidr_blocks.2": "93.85.92.82/32",
                            "ingress.1271545648.cidr_blocks.3": "213.184.244.188/32",
                            "ingress.1271545648.cidr_blocks.4": "82.209.241.194/32",
                            "ingress.1271545648.description": "",
                            "ingress.1271545648.from_port": "9000",
                            "ingress.1271545648.ipv6_cidr_blocks.#": "0",
                            "ingress.1271545648.prefix_list_ids.#": "0",
                            "ingress.1271545648.protocol": "tcp",
                            "ingress.1271545648.security_groups.#": "0",
                            "ingress.1271545648.self": "false",
                            "ingress.1271545648.to_port": "9000",
                            "ingress.1528464432.cidr_blocks.#": "5",
                            "ingress.1528464432.cidr_blocks.0": "93.125.8.133/32",
                            "ingress.1528464432.cidr_blocks.1": "10.0.0.0/16",
                            "ingress.1528464432.cidr_blocks.2": "93.85.92.82/32",
                            "ingress.1528464432.cidr_blocks.3": "213.184.244.188/32",
                            "ingress.1528464432.cidr_blocks.4": "82.209.241.194/32",
                            "ingress.1528464432.description": "",
                            "ingress.1528464432.from_port": "8080",
                            "ingress.1528464432.ipv6_cidr_blocks.#": "0",
                            "ingress.1528464432.prefix_list_ids.#": "0",
                            "ingress.1528464432.protocol": "tcp",
                            "ingress.1528464432.security_groups.#": "0",
                            "ingress.1528464432.self": "false",
                            "ingress.1528464432.to_port": "8080",
                            "ingress.2272253404.cidr_blocks.#": "5",
                            "ingress.2272253404.cidr_blocks.0": "93.125.8.133/32",
                            "ingress.2272253404.cidr_blocks.1": "10.0.0.0/16",
                            "ingress.2272253404.cidr_blocks.2": "93.85.92.82/32",
                            "ingress.2272253404.cidr_blocks.3": "213.184.244.188/32",
                            "ingress.2272253404.cidr_blocks.4": "82.209.241.194/32",
                            "ingress.2272253404.description": "",
                            "ingress.2272253404.from_port": "50000",
                            "ingress.2272253404.ipv6_cidr_blocks.#": "0",
                            "ingress.2272253404.prefix_list_ids.#": "0",
                            "ingress.2272253404.protocol": "tcp",
                            "ingress.2272253404.security_groups.#": "0",
                            "ingress.2272253404.self": "false",
                            "ingress.2272253404.to_port": "50000",
                            "ingress.2523756407.cidr_blocks.#": "5",
                            "ingress.2523756407.cidr_blocks.0": "93.125.8.133/32",
                            "ingress.2523756407.cidr_blocks.1": "10.0.0.0/16",
                            "ingress.2523756407.cidr_blocks.2": "93.85.92.82/32",
                            "ingress.2523756407.cidr_blocks.3": "213.184.244.188/32",
                            "ingress.2523756407.cidr_blocks.4": "82.209.241.194/32",
                            "ingress.2523756407.description": "",
                            "ingress.2523756407.from_port": "22",
                            "ingress.2523756407.ipv6_cidr_blocks.#": "0",
                            "ingress.2523756407.prefix_list_ids.#": "0",
                            "ingress.2523756407.protocol": "tcp",
                            "ingress.2523756407.security_groups.#": "0",
                            "ingress.2523756407.self": "false",
                            "ingress.2523756407.to_port": "22",
                            "name": "jenkins",
                            "owner_id": "264175366959",
                            "revoke_rules_on_delete": "false",
                            "tags.%": "1",
                            "tags.Name": "jenkins",
                            "vpc_id": "vpc-0143ea09ea89bb45f"
                        },
                        "meta": {
                            "e2bfb730-ecaa-11e6-8f88-34363bc7c4c0": {
                                "create": 600000000000,
                                "delete": 600000000000
                            },
                            "schema_version": "1"
                        },
                        "tainted": false
                    },
                    "deposed": [],
                    "provider": "provider.aws"
                },
                "aws_subnet.main": {
                    "type": "aws_subnet",
                    "depends_on": [
                        "aws_vpc.main"
                    ],
                    "primary": {
                        "id": "subnet-012b27341acf2cd40",
                        "attributes": {
                            "arn": "arn:aws:ec2:us-east-1:264175366959:subnet/subnet-012b27341acf2cd40",
                            "assign_ipv6_address_on_creation": "false",
                            "availability_zone": "us-east-1a",
                            "availability_zone_id": "use1-az4",
                            "cidr_block": "10.0.1.0/24",
                            "id": "subnet-012b27341acf2cd40",
                            "ipv6_cidr_block": "",
                            "ipv6_cidr_block_association_id": "",
                            "map_public_ip_on_launch": "true",
                            "owner_id": "264175366959",
                            "tags.%": "1",
                            "tags.Name": "main",
                            "vpc_id": "vpc-0143ea09ea89bb45f"
                        },
                        "meta": {
                            "e2bfb730-ecaa-11e6-8f88-34363bc7c4c0": {
                                "create": 600000000000,
                                "delete": 600000000000
                            },
                            "schema_version": "1"
                        },
                        "tainted": false
                    },
                    "deposed": [],
                    "provider": "provider.aws"
                },
                "aws_vpc.main": {
                    "type": "aws_vpc",
                    "depends_on": [],
                    "primary": {
                        "id": "vpc-0143ea09ea89bb45f",
                        "attributes": {
                            "arn": "arn:aws:ec2:us-east-1:264175366959:vpc/vpc-0143ea09ea89bb45f",
                            "assign_generated_ipv6_cidr_block": "false",
                            "cidr_block": "10.0.0.0/16",
                            "default_network_acl_id": "acl-00acee553366e7217",
                            "default_route_table_id": "rtb-02d07bdfcee0f2027",
                            "default_security_group_id": "sg-0f92b5cefbc9e737e",
                            "dhcp_options_id": "dopt-56dac62e",
                            "enable_classiclink": "false",
                            "enable_classiclink_dns_support": "false",
                            "enable_dns_hostnames": "true",
                            "enable_dns_support": "true",
                            "id": "vpc-0143ea09ea89bb45f",
                            "instance_tenancy": "default",
                            "ipv6_association_id": "",
                            "ipv6_cidr_block": "",
                            "main_route_table_id": "rtb-02d07bdfcee0f2027",
                            "owner_id": "264175366959",
                            "tags.%": "1",
                            "tags.Name": "main"
                        },
                        "meta": {
                            "schema_version": "1"
                        },
                        "tainted": false
                    },
                    "deposed": [],
                    "provider": "provider.aws"
                }
            },
            "depends_on": []
        }
    ]
}
